// !$*UTF8*$!
{
	archiveVersion = 1;
	classes = {
	};
	objectVersion = 56;
	objects = {

/* Begin PBXBuildFile section */
		448D100F292ABB1C007AAA88 /* LookAroundMapKitApp.swift in Sources */ = {isa = PBXBuildFile; fileRef = 448D100E292ABB1C007AAA88 /* LookAroundMapKitApp.swift */; };
		448D1011292ABB1C007AAA88 /* LocationScreen.swift in Sources */ = {isa = PBXBuildFile; fileRef = 448D1010292ABB1C007AAA88 /* LocationScreen.swift */; };
		448D101E292ACFA1007AAA88 /* LocationManager.swift in Sources */ = {isa = PBXBuildFile; fileRef = 448D101D292ACFA1007AAA88 /* LocationManager.swift */; };
		448D1023292AD03F007AAA88 /* MapView.swift in Sources */ = {isa = PBXBuildFile; fileRef = 448D1022292AD03F007AAA88 /* MapView.swift */; };
		448D1026292AD060007AAA88 /* MapViewCoordinator.swift in Sources */ = {isa = PBXBuildFile; fileRef = 448D1025292AD060007AAA88 /* MapViewCoordinator.swift */; };
		448D1029292AD259007AAA88 /* LookAroundView.swift in Sources */ = {isa = PBXBuildFile; fileRef = 448D1028292AD259007AAA88 /* LookAroundView.swift */; };
/* End PBXBuildFile section */

/* Begin PBXFileReference section */
		448D100B292ABB1C007AAA88 /* LookAroundMapKit.app */ = {isa = PBXFileReference; explicitFileType = wrapper.application; includeInIndex = 0; path = LookAroundMapKit.app; sourceTree = BUILT_PRODUCTS_DIR; };
		448D100E292ABB1C007AAA88 /* LookAroundMapKitApp.swift */ = {isa = PBXFileReference; lastKnownFileType = sourcecode.swift; path = LookAroundMapKitApp.swift; sourceTree = "<group>"; };
		448D1010292ABB1C007AAA88 /* LocationScreen.swift */ = {isa = PBXFileReference; lastKnownFileType = sourcecode.swift; path = LocationScreen.swift; sourceTree = "<group>"; };
		448D1014292ABB1D007AAA88 /* LookAroundMapKit.entitlements */ = {isa = PBXFileReference; lastKnownFileType = text.plist.entitlements; path = LookAroundMapKit.entitlements; sourceTree = "<group>"; };
		448D101D292ACFA1007AAA88 /* LocationManager.swift */ = {isa = PBXFileReference; lastKnownFileType = sourcecode.swift; path = LocationManager.swift; sourceTree = "<group>"; };
		448D1022292AD03F007AAA88 /* MapView.swift */ = {isa = PBXFileReference; lastKnownFileType = sourcecode.swift; path = MapView.swift; sourceTree = "<group>"; };
		448D1025292AD060007AAA88 /* MapViewCoordinator.swift */ = {isa = PBXFileReference; lastKnownFileType = sourcecode.swift; path = MapViewCoordinator.swift; sourceTree = "<group>"; };
		448D1028292AD259007AAA88 /* LookAroundView.swift */ = {isa = PBXFileReference; lastKnownFileType = sourcecode.swift; path = LookAroundView.swift; sourceTree = "<group>"; };
		448D102A292AD549007AAA88 /* Info.plist */ = {isa = PBXFileReference; lastKnownFileType = text.plist; path = Info.plist; sourceTree = "<group>"; };
/* End PBXFileReference section */

/* Begin PBXFrameworksBuildPhase section */
		448D1008292ABB1C007AAA88 /* Frameworks */ = {
			isa = PBXFrameworksBuildPhase;
			buildActionMask = 2147483647;
			files = (
			);
			runOnlyForDeploymentPostprocessing = 0;
		};
/* End PBXFrameworksBuildPhase section */

/* Begin PBXGroup section */
		448D1002292ABB1C007AAA88 = {
			isa = PBXGroup;
			children = (
				448D100D292ABB1C007AAA88 /* LookAroundMapKit */,
				448D100C292ABB1C007AAA88 /* Products */,
			);
			sourceTree = "<group>";
		};
		448D100C292ABB1C007AAA88 /* Products */ = {
			isa = PBXGroup;
			children = (
				448D100B292ABB1C007AAA88 /* LookAroundMapKit.app */,
			);
			name = Products;
			sourceTree = "<group>";
		};
		448D100D292ABB1C007AAA88 /* LookAroundMapKit */ = {
			isa = PBXGroup;
			children = (
				448D102A292AD549007AAA88 /* Info.plist */,
				448D100E292ABB1C007AAA88 /* LookAroundMapKitApp.swift */,
				448D1020292AD021007AAA88 /* Screens */,
				448D1021292AD028007AAA88 /* Representables */,
				448D1024292AD057007AAA88 /* Coordinators */,
				448D1027292AD075007AAA88 /* Utils */,
				448D1014292ABB1D007AAA88 /* LookAroundMapKit.entitlements */,
			);
			path = LookAroundMapKit;
			sourceTree = "<group>";
		};
		448D1020292AD021007AAA88 /* Screens */ = {
			isa = PBXGroup;
			children = (
				448D1010292ABB1C007AAA88 /* LocationScreen.swift */,
			);
			path = Screens;
			sourceTree = "<group>";
		};
		448D1021292AD028007AAA88 /* Representables */ = {
			isa = PBXGroup;
			children = (
				448D1022292AD03F007AAA88 /* MapView.swift */,
				448D1028292AD259007AAA88 /* LookAroundView.swift */,
			);
			path = Representables;
			sourceTree = "<group>";
		};
		448D1024292AD057007AAA88 /* Coordinators */ = {
			isa = PBXGroup;
			children = (
				448D1025292AD060007AAA88 /* MapViewCoordinator.swift */,
			);
			path = Coordinators;
			sourceTree = "<group>";
		};
		448D1027292AD075007AAA88 /* Utils */ = {
			isa = PBXGroup;
			children = (
				448D101D292ACFA1007AAA88 /* LocationManager.swift */,
			);
			path = Utils;
			sourceTree = "<group>";
		};
/* End PBXGroup section */

/* Begin PBXNativeTarget section */
		448D100A292ABB1C007AAA88 /* LookAroundMapKit */ = {
			isa = PBXNativeTarget;
			buildConfigurationList = 448D101A292ABB1D007AAA88 /* Build configuration list for PBXNativeTarget "LookAroundMapKit" */;
			buildPhases = (
				448D1007292ABB1C007AAA88 /* Sources */,
				448D1008292ABB1C007AAA88 /* Frameworks */,
				448D1009292ABB1C007AAA88 /* Resources */,
			);
			buildRules = (
			);
			dependencies = (
			);
			name = LookAroundMapKit;
			productName = LookAroundMapKit;
			productReference = 448D100B292ABB1C007AAA88 /* LookAroundMapKit.app */;
			productType = "com.apple.product-type.application";
		};
/* End PBXNativeTarget section */

/* Begin PBXProject section */
		448D1003292ABB1C007AAA88 /* Project object */ = {
			isa = PBXProject;
			attributes = {
				BuildIndependentTargetsInParallel = 1;
				LastSwiftUpdateCheck = 1410;
				LastUpgradeCheck = 1410;
				TargetAttributes = {
					448D100A292ABB1C007AAA88 = {
						CreatedOnToolsVersion = 14.1;
					};
				};
			};
			buildConfigurationList = 448D1006292ABB1C007AAA88 /* Build configuration list for PBXProject "LookAroundMapKit" */;
			compatibilityVersion = "Xcode 14.0";
			developmentRegion = en;
			hasScannedForEncodings = 0;
			knownRegions = (
				en,
				Base,
			);
			mainGroup = 448D1002292ABB1C007AAA88;
			productRefGroup = 448D100C292ABB1C007AAA88 /* Products */;
			projectDirPath = "";
			projectRoot = "";
			targets = (
				448D100A292ABB1C007AAA88 /* LookAroundMapKit */,
			);
		};
/* End PBXProject section */

/* Begin PBXResourcesBuildPhase section */
		448D1009292ABB1C007AAA88 /* Resources */ = {
			isa = PBXResourcesBuildPhase;
			buildActionMask = 2147483647;
			files = (
			);
			runOnlyForDeploymentPostprocessing = 0;
		};
/* End PBXResourcesBuildPhase section */

/* Begin PBXSourcesBuildPhase section */
		448D1007292ABB1C007AAA88 /* Sources */ = {
			isa = PBXSourcesBuildPhase;
			buildActionMask = 2147483647;
			files = (
				448D1011292ABB1C007AAA88 /* LocationScreen.swift in Sources */,
				448D1023292AD03F007AAA88 /* MapView.swift in Sources */,
				448D1029292AD259007AAA88 /* LookAroundView.swift in Sources */,
				448D100F292ABB1C007AAA88 /* LookAroundMapKitApp.swift in Sources */,
				448D101E292ACFA1007AAA88 /* LocationManager.swift in Sources */,
				448D1026292AD060007AAA88 /* MapViewCoordinator.swift in Sources */,
			);
			runOnlyForDeploymentPostprocessing = 0;
		};
/* End PBXSourcesBuildPhase section */

/* Begin XCBuildConfiguration section */
		448D1018292ABB1D007AAA88 /* Debug */ = {
			isa = XCBuildConfiguration;
			buildSettings = {
				ALWAYS_SEARCH_USER_PATHS = NO;
				CLANG_ANALYZER_NONNULL = YES;
				CLANG_ANALYZER_NUMBER_OBJECT_CONVERSION = YES_AGGRESSIVE;
				CLANG_CXX_LANGUAGE_STANDARD = "gnu++20";
				CLANG_ENABLE_MODULES = YES;
				CLANG_ENABLE_OBJC_ARC = YES;
				CLANG_ENABLE_OBJC_WEAK = YES;
				CLANG_WARN_BLOCK_CAPTURE_AUTORELEASING = YES;
				CLANG_WARN_BOOL_CONVERSION = YES;
				CLANG_WARN_COMMA = YES;
				CLANG_WARN_CONSTANT_CONVERSION = YES;
				CLANG_WARN_DEPRECATED_OBJC_IMPLEMENTATIONS = YES;
				CLANG_WARN_DIRECT_OBJC_ISA_USAGE = YES_ERROR;
				CLANG_WARN_DOCUMENTATION_COMMENTS = YES;
				CLANG_WARN_EMPTY_BODY = YES;
				CLANG_WARN_ENUM_CONVERSION = YES;
				CLANG_WARN_INFINITE_RECURSION = YES;
				CLANG_WARN_INT_CONVERSION = YES;
				CLANG_WARN_NON_LITERAL_NULL_CONVERSION = YES;
				CLANG_WARN_OBJC_IMPLICIT_RETAIN_SELF = YES;
				CLANG_WARN_OBJC_LITERAL_CONVERSION = YES;
				CLANG_WARN_OBJC_ROOT_CLASS = YES_ERROR;
				CLANG_WARN_QUOTED_INCLUDE_IN_FRAMEWORK_HEADER = YES;
				CLANG_WARN_RANGE_LOOP_ANALYSIS = YES;
				CLANG_WARN_STRICT_PROTOTYPES = YES;
				CLANG_WARN_SUSPICIOUS_MOVE = YES;
				CLANG_WARN_UNGUARDED_AVAILABILITY = YES_AGGRESSIVE;
				CLANG_WARN_UNREACHABLE_CODE = YES;
				CLANG_WARN__DUPLICATE_METHOD_MATCH = YES;
				COPY_PHASE_STRIP = NO;
				DEBUG_INFORMATION_FORMAT = dwarf;
				ENABLE_STRICT_OBJC_MSGSEND = YES;
				ENABLE_TESTABILITY = YES;
				GCC_C_LANGUAGE_STANDARD = gnu11;
				GCC_DYNAMIC_NO_PIC = NO;
				GCC_NO_COMMON_BLOCKS = YES;
				GCC_OPTIMIZATION_LEVEL = 0;
				GCC_PREPROCESSOR_DEFINITIONS = (
					"DEBUG=1",
					"$(inherited)",
				);
				GCC_WARN_64_TO_32_BIT_CONVERSION = YES;
				GCC_WARN_ABOUT_RETURN_TYPE = YES_ERROR;
				GCC_WARN_UNDECLARED_SELECTOR = YES;
				GCC_WARN_UNINITIALIZED_AUTOS = YES_AGGRESSIVE;
				GCC_WARN_UNUSED_FUNCTION = YES;
				GCC_WARN_UNUSED_VARIABLE = YES;
				MTL_ENABLE_DEBUG_INFO = INCLUDE_SOURCE;
				MTL_FAST_MATH = YES;
				ONLY_ACTIVE_ARCH = YES;
				SWIFT_ACTIVE_COMPILATION_CONDITIONS = DEBUG;
				SWIFT_OPTIMIZATION_LEVEL = "-Onone";
			};
			name = Debug;
		};
		448D1019292ABB1D007AAA88 /* Release */ = {
			isa = XCBuildConfiguration;
			buildSettings = {
				ALWAYS_SEARCH_USER_PATHS = NO;
				CLANG_ANALYZER_NONNULL = YES;
				CLANG_ANALYZER_NUMBER_OBJECT_CONVERSION = YES_AGGRESSIVE;
				CLANG_CXX_LANGUAGE_STANDARD = "gnu++20";
				CLANG_ENABLE_MODULES = YES;
				CLANG_ENABLE_OBJC_ARC = YES;
				CLANG_ENABLE_OBJC_WEAK = YES;
				CLANG_WARN_BLOCK_CAPTURE_AUTORELEASING = YES;
				CLANG_WARN_BOOL_CONVERSION = YES;
				CLANG_WARN_COMMA = YES;
				CLANG_WARN_CONSTANT_CONVERSION = YES;
				CLANG_WARN_DEPRECATED_OBJC_IMPLEMENTATIONS = YES;
				CLANG_WARN_DIRECT_OBJC_ISA_USAGE = YES_ERROR;
				CLANG_WARN_DOCUMENTATION_COMMENTS = YES;
				CLANG_WARN_EMPTY_BODY = YES;
				CLANG_WARN_ENUM_CONVERSION = YES;
				CLANG_WARN_INFINITE_RECURSION = YES;
				CLANG_WARN_INT_CONVERSION = YES;
				CLANG_WARN_NON_LITERAL_NULL_CONVERSION = YES;
				CLANG_WARN_OBJC_IMPLICIT_RETAIN_SELF = YES;
				CLANG_WARN_OBJC_LITERAL_CONVERSION = YES;
				CLANG_WARN_OBJC_ROOT_CLASS = YES_ERROR;
				CLANG_WARN_QUOTED_INCLUDE_IN_FRAMEWORK_HEADER = YES;
				CLANG_WARN_RANGE_LOOP_ANALYSIS = YES;
				CLANG_WARN_STRICT_PROTOTYPES = YES;
				CLANG_WARN_SUSPICIOUS_MOVE = YES;
				CLANG_WARN_UNGUARDED_AVAILABILITY = YES_AGGRESSIVE;
				CLANG_WARN_UNREACHABLE_CODE = YES;
				CLANG_WARN__DUPLICATE_METHOD_MATCH = YES;
				COPY_PHASE_STRIP = NO;
				DEBUG_INFORMATION_FORMAT = "dwarf-with-dsym";
				ENABLE_NS_ASSERTIONS = NO;
				ENABLE_STRICT_OBJC_MSGSEND = YES;
				GCC_C_LANGUAGE_STANDARD = gnu11;
				GCC_NO_COMMON_BLOCKS = YES;
				GCC_WARN_64_TO_32_BIT_CONVERSION = YES;
				GCC_WARN_ABOUT_RETURN_TYPE = YES_ERROR;
				GCC_WARN_UNDECLARED_SELECTOR = YES;
				GCC_WARN_UNINITIALIZED_AUTOS = YES_AGGRESSIVE;
				GCC_WARN_UNUSED_FUNCTION = YES;
				GCC_WARN_UNUSED_VARIABLE = YES;
				MTL_ENABLE_DEBUG_INFO = NO;
				MTL_FAST_MATH = YES;
				SWIFT_COMPILATION_MODE = wholemodule;
				SWIFT_OPTIMIZATION_LEVEL = "-O";
			};
			name = Release;
		};
		448D101B292ABB1D007AAA88 /* Debug */ = {
			isa = XCBuildConfiguration;
			buildSettings = {
				ASSETCATALOG_COMPILER_APPICON_NAME = AppIcon;
				ASSETCATALOG_COMPILER_GLOBAL_ACCENT_COLOR_NAME = AccentColor;
				CODE_SIGN_ENTITLEMENTS = LookAroundMapKit/LookAroundMapKit.entitlements;
				"CODE_SIGN_IDENTITY[sdk=macosx*]" = "Apple Development";
				CODE_SIGN_STYLE = Automatic;
				CURRENT_PROJECT_VERSION = 1;
				DEVELOPMENT_TEAM = 3UVKHQUHJ4;
				ENABLE_HARDENED_RUNTIME = YES;
				ENABLE_PREVIEWS = YES;
				GENERATE_INFOPLIST_FILE = YES;
				INFOPLIST_FILE = LookAroundMapKit/Info.plist;
				INFOPLIST_KEY_NSLocationWhenInUseUsageDescription = "Accessing to location ?";
				"INFOPLIST_KEY_UIApplicationSceneManifest_Generation[sdk=iphoneos*]" = YES;
				"INFOPLIST_KEY_UIApplicationSceneManifest_Generation[sdk=iphonesimulator*]" = YES;
				"INFOPLIST_KEY_UIApplicationSupportsIndirectInputEvents[sdk=iphoneos*]" = YES;
				"INFOPLIST_KEY_UIApplicationSupportsIndirectInputEvents[sdk=iphonesimulator*]" = YES;
				"INFOPLIST_KEY_UILaunchScreen_Generation[sdk=iphoneos*]" = YES;
				"INFOPLIST_KEY_UILaunchScreen_Generation[sdk=iphonesimulator*]" = YES;
				"INFOPLIST_KEY_UIStatusBarStyle[sdk=iphoneos*]" = UIStatusBarStyleDefault;
				"INFOPLIST_KEY_UIStatusBarStyle[sdk=iphonesimulator*]" = UIStatusBarStyleDefault;
				INFOPLIST_KEY_UISupportedInterfaceOrientations_iPad = "UIInterfaceOrientationPortrait UIInterfaceOrientationPortraitUpsideDown UIInterfaceOrientationLandscapeLeft UIInterfaceOrientationLandscapeRight";
				INFOPLIST_KEY_UISupportedInterfaceOrientations_iPhone = "UIInterfaceOrientationPortrait UIInterfaceOrientationLandscapeLeft UIInterfaceOrientationLandscapeRight";
				IPHONEOS_DEPLOYMENT_TARGET = 16.1;
				LD_RUNPATH_SEARCH_PATHS = "@executable_path/Frameworks";
				"LD_RUNPATH_SEARCH_PATHS[sdk=macosx*]" = "@executable_path/../Frameworks";
				MACOSX_DEPLOYMENT_TARGET = 13.0;
				MARKETING_VERSION = 1.0;
				PRODUCT_BUNDLE_IDENTIFIER = dev.alkincakiralar.LookAroundMapKit;
				PRODUCT_NAME = "$(TARGET_NAME)";
				SDKROOT = auto;
				SUPPORTED_PLATFORMS = "iphoneos iphonesimulator";
				SUPPORTS_MACCATALYST = NO;
				SUPPORTS_MAC_DESIGNED_FOR_IPHONE_IPAD = NO;
				SWIFT_EMIT_LOC_STRINGS = YES;
				SWIFT_VERSION = 5.0;
				TARGETED_DEVICE_FAMILY = "1,2";
			};
			name = Debug;
		};
		448D101C292ABB1D007AAA88 /* Release */ = {
			isa = XCBuildConfiguration;
			buildSettings = {
				ASSETCATALOG_COMPILER_APPICON_NAME = AppIcon;
				ASSETCATALOG_COMPILER_GLOBAL_ACCENT_COLOR_NAME = AccentColor;
				CODE_SIGN_ENTITLEMENTS = LookAroundMapKit/LookAroundMapKit.entitlements;
				"CODE_SIGN_IDENTITY[sdk=macosx*]" = "Apple Development";
				CODE_SIGN_STYLE = Automatic;
				CURRENT_PROJECT_VERSION = 1;
				DEVELOPMENT_TEAM = 3UVKHQUHJ4;
				ENABLE_HARDENED_RUNTIME = YES;
				ENABLE_PREVIEWS = YES;
				GENERATE_INFOPLIST_FILE = YES;
				INFOPLIST_FILE = LookAroundMapKit/Info.plist;
				INFOPLIST_KEY_NSLocationWhenInUseUsageDescription = "Accessing to location ?";
				"INFOPLIST_KEY_UIApplicationSceneManifest_Generation[sdk=iphoneos*]" = YES;
				"INFOPLIST_KEY_UIApplicationSceneManifest_Generation[sdk=iphonesimulator*]" = YES;
				"INFOPLIST_KEY_UIApplicationSupportsIndirectInputEvents[sdk=iphoneos*]" = YES;
				"INFOPLIST_KEY_UIApplicationSupportsIndirectInputEvents[sdk=iphonesimulator*]" = YES;
				"INFOPLIST_KEY_UILaunchScreen_Generation[sdk=iphoneos*]" = YES;
				"INFOPLIST_KEY_UILaunchScreen_Generation[sdk=iphonesimulator*]" = YES;
				"INFOPLIST_KEY_UIStatusBarStyle[sdk=iphoneos*]" = UIStatusBarStyleDefault;
				"INFOPLIST_KEY_UIStatusBarStyle[sdk=iphonesimulator*]" = UIStatusBarStyleDefault;
				INFOPLIST_KEY_UISupportedInterfaceOrientations_iPad = "UIInterfaceOrientationPortrait UIInterfaceOrientationPortraitUpsideDown UIInterfaceOrientationLandscapeLeft UIInterfaceOrientationLandscapeRight";
				INFOPLIST_KEY_UISupportedInterfaceOrientations_iPhone = "UIInterfaceOrientationPortrait UIInterfaceOrientationLandscapeLeft UIInterfaceOrientationLandscapeRight";
				IPHONEOS_DEPLOYMENT_TARGET = 16.1;
				LD_RUNPATH_SEARCH_PATHS = "@executable_path/Frameworks";
				"LD_RUNPATH_SEARCH_PATHS[sdk=macosx*]" = "@executable_path/../Frameworks";
				MACOSX_DEPLOYMENT_TARGET = 13.0;
				MARKETING_VERSION = 1.0;
				PRODUCT_BUNDLE_IDENTIFIER = dev.alkincakiralar.LookAroundMapKit;
				PRODUCT_NAME = "$(TARGET_NAME)";
				SDKROOT = auto;
				SUPPORTED_PLATFORMS = "iphoneos iphonesimulator";
				SUPPORTS_MACCATALYST = NO;
				SUPPORTS_MAC_DESIGNED_FOR_IPHONE_IPAD = NO;
				SWIFT_EMIT_LOC_STRINGS = YES;
				SWIFT_VERSION = 5.0;
				TARGETED_DEVICE_FAMILY = "1,2";
			};
			name = Release;
		};
/* End XCBuildConfiguration section */

/* Begin XCConfigurationList section */
		448D1006292ABB1C007AAA88 /* Build configuration list for PBXProject "LookAroundMapKit" */ = {
			isa = XCConfigurationList;
			buildConfigurations = (
				448D1018292ABB1D007AAA88 /* Debug */,
				448D1019292ABB1D007AAA88 /* Release */,
			);
			defaultConfigurationIsVisible = 0;
			defaultConfigurationName = Release;
		};
		448D101A292ABB1D007AAA88 /* Build configuration list for PBXNativeTarget "LookAroundMapKit" */ = {
			isa = XCConfigurationList;
			buildConfigurations = (
				448D101B292ABB1D007AAA88 /* Debug */,
				448D101C292ABB1D007AAA88 /* Release */,
			);
			defaultConfigurationIsVisible = 0;
			defaultConfigurationName = Release;
		};
/* End XCConfigurationList section */
	};
	rootObject = 448D1003292ABB1C007AAA88 /* Project object */;
}
